// !$*UTF8*$!
{
	archiveVersion = 1;
	classes = {
	};
	objectVersion = 56;
	objects = {

/* Begin PBXBuildFile section */
		161782B92C25782400644746 /* main.cpp in Sources */ = {isa = PBXBuildFile; fileRef = 161782B82C25782400644746 /* main.cpp */; };
		161782C12C25784700644746 /* HOMEWORK_4_1.cpp in Sources */ = {isa = PBXBuildFile; fileRef = 161782BF2C25784700644746 /* HOMEWORK_4_1.cpp */; };
		161782C42C25787500644746 /* HOMEWORK_4_2.cpp in Sources */ = {isa = PBXBuildFile; fileRef = 161782C22C25787500644746 /* HOMEWORK_4_2.cpp */; };
		161782C72C25789F00644746 /* HOMEWORK_4_3.cpp in Sources */ = {isa = PBXBuildFile; fileRef = 161782C52C25789F00644746 /* HOMEWORK_4_3.cpp */; };
/* End PBXBuildFile section */

/* Begin PBXCopyFilesBuildPhase section */
		161782B32C25782400644746 /* CopyFiles */ = {
			isa = PBXCopyFilesBuildPhase;
			buildActionMask = 2147483647;
			dstPath = /usr/share/man/man1/;
			dstSubfolderSpec = 0;
			files = (
			);
			runOnlyForDeploymentPostprocessing = 1;
		};
/* End PBXCopyFilesBuildPhase section */

/* Begin PBXFileReference section */
		161782B52C25782400644746 /* ООП_наследование_и_полиморфизм */ = {isa = PBXFileReference; explicitFileType = "compiled.mach-o.executable"; includeInIndex = 0; path = "ООП_наследование_и_полиморфизм"; sourceTree = BUILT_PRODUCTS_DIR; };
		161782B82C25782400644746 /* main.cpp */ = {isa = PBXFileReference; lastKnownFileType = sourcecode.cpp.cpp; path = main.cpp; sourceTree = "<group>"; };
		161782BF2C25784700644746 /* HOMEWORK_4_1.cpp */ = {isa = PBXFileReference; lastKnownFileType = sourcecode.cpp.cpp; path = HOMEWORK_4_1.cpp; sourceTree = "<group>"; };
		161782C02C25784700644746 /* HOMEWORK_4_1.hpp */ = {isa = PBXFileReference; lastKnownFileType = sourcecode.cpp.h; path = HOMEWORK_4_1.hpp; sourceTree = "<group>"; };
		161782C22C25787500644746 /* HOMEWORK_4_2.cpp */ = {isa = PBXFileReference; lastKnownFileType = sourcecode.cpp.cpp; path = HOMEWORK_4_2.cpp; sourceTree = "<group>"; };
		161782C32C25787500644746 /* HOMEWORK_4_2.hpp */ = {isa = PBXFileReference; lastKnownFileType = sourcecode.cpp.h; path = HOMEWORK_4_2.hpp; sourceTree = "<group>"; };
		161782C52C25789F00644746 /* HOMEWORK_4_3.cpp */ = {isa = PBXFileReference; lastKnownFileType = sourcecode.cpp.cpp; path = HOMEWORK_4_3.cpp; sourceTree = "<group>"; };
		161782C62C25789F00644746 /* HOMEWORK_4_3.hpp */ = {isa = PBXFileReference; lastKnownFileType = sourcecode.cpp.h; path = HOMEWORK_4_3.hpp; sourceTree = "<group>"; };
/* End PBXFileReference section */

/* Begin PBXFrameworksBuildPhase section */
		161782B22C25782400644746 /* Frameworks */ = {
			isa = PBXFrameworksBuildPhase;
			buildActionMask = 2147483647;
			files = (
			);
			runOnlyForDeploymentPostprocessing = 0;
		};
/* End PBXFrameworksBuildPhase section */

/* Begin PBXGroup section */
		161782AC2C25782400644746 = {
			isa = PBXGroup;
			children = (
				161782B72C25782400644746 /* ООП_наследование_и_полиморфизм */,
				161782B62C25782400644746 /* Products */,
			);
			sourceTree = "<group>";
		};
		161782B62C25782400644746 /* Products */ = {
			isa = PBXGroup;
			children = (
				161782B52C25782400644746 /* ООП_наследование_и_полиморфизм */,
			);
			name = Products;
			sourceTree = "<group>";
		};
		161782B72C25782400644746 /* ООП_наследование_и_полиморфизм */ = {
			isa = PBXGroup;
			children = (
				161782B82C25782400644746 /* main.cpp */,
				161782BF2C25784700644746 /* HOMEWORK_4_1.cpp */,
				161782C22C25787500644746 /* HOMEWORK_4_2.cpp */,
				161782C52C25789F00644746 /* HOMEWORK_4_3.cpp */,
				161782C62C25789F00644746 /* HOMEWORK_4_3.hpp */,
				161782C32C25787500644746 /* HOMEWORK_4_2.hpp */,
				161782C02C25784700644746 /* HOMEWORK_4_1.hpp */,
			);
			path = "ООП_наследование_и_полиморфизм";
			sourceTree = "<group>";
		};
/* End PBXGroup section */

/* Begin PBXNativeTarget section */
		161782B42C25782400644746 /* ООП_наследование_и_полиморфизм */ = {
			isa = PBXNativeTarget;
			buildConfigurationList = 161782BC2C25782400644746 /* Build configuration list for PBXNativeTarget "ООП_наследование_и_полиморфизм" */;
			buildPhases = (
				161782B12C25782400644746 /* Sources */,
				161782B22C25782400644746 /* Frameworks */,
				161782B32C25782400644746 /* CopyFiles */,
			);
			buildRules = (
			);
			dependencies = (
			);
			name = "ООП_наследование_и_полиморфизм";
			productName = "ООП_наследование_и_полиморфизм";
			productReference = 161782B52C25782400644746 /* ООП_наследование_и_полиморфизм */;
			productType = "com.apple.product-type.tool";
		};
/* End PBXNativeTarget section */

/* Begin PBXProject section */
		161782AD2C25782400644746 /* Project object */ = {
			isa = PBXProject;
			attributes = {
				BuildIndependentTargetsInParallel = 1;
				LastUpgradeCheck = 1540;
				TargetAttributes = {
					161782B42C25782400644746 = {
						CreatedOnToolsVersion = 15.4;
					};
				};
			};
			buildConfigurationList = 161782B02C25782400644746 /* Build configuration list for PBXProject "ООП_наследование_и_полиморфизм" */;
			compatibilityVersion = "Xcode 14.0";
			developmentRegion = en;
			hasScannedForEncodings = 0;
			knownRegions = (
				en,
				Base,
			);
			mainGroup = 161782AC2C25782400644746;
			productRefGroup = 161782B62C25782400644746 /* Products */;
			projectDirPath = "";
			projectRoot = "";
			targets = (
				161782B42C25782400644746 /* ООП_наследование_и_полиморфизм */,
			);
		};
/* End PBXProject section */

/* Begin PBXSourcesBuildPhase section */
		161782B12C25782400644746 /* Sources */ = {
			isa = PBXSourcesBuildPhase;
			buildActionMask = 2147483647;
			files = (
				161782C12C25784700644746 /* HOMEWORK_4_1.cpp in Sources */,
				161782B92C25782400644746 /* main.cpp in Sources */,
				161782C72C25789F00644746 /* HOMEWORK_4_3.cpp in Sources */,
				161782C42C25787500644746 /* HOMEWORK_4_2.cpp in Sources */,
			);
			runOnlyForDeploymentPostprocessing = 0;
		};
/* End PBXSourcesBuildPhase section */

/* Begin XCBuildConfiguration section */
		161782BA2C25782400644746 /* Debug */ = {
			isa = XCBuildConfiguration;
			buildSettings = {
				ALWAYS_SEARCH_USER_PATHS = NO;
				ASSETCATALOG_COMPILER_GENERATE_SWIFT_ASSET_SYMBOL_EXTENSIONS = YES;
				CLANG_ANALYZER_NONNULL = YES;
				CLANG_ANALYZER_NUMBER_OBJECT_CONVERSION = YES_AGGRESSIVE;
				CLANG_CXX_LANGUAGE_STANDARD = "gnu++20";
				CLANG_ENABLE_MODULES = YES;
				CLANG_ENABLE_OBJC_ARC = YES;
				CLANG_ENABLE_OBJC_WEAK = YES;
				CLANG_WARN_BLOCK_CAPTURE_AUTORELEASING = YES;
				CLANG_WARN_BOOL_CONVERSION = YES;
				CLANG_WARN_COMMA = YES;
				CLANG_WARN_CONSTANT_CONVERSION = YES;
				CLANG_WARN_DEPRECATED_OBJC_IMPLEMENTATIONS = YES;
				CLANG_WARN_DIRECT_OBJC_ISA_USAGE = YES_ERROR;
				CLANG_WARN_DOCUMENTATION_COMMENTS = YES;
				CLANG_WARN_EMPTY_BODY = YES;
				CLANG_WARN_ENUM_CONVERSION = YES;
				CLANG_WARN_INFINITE_RECURSION = YES;
				CLANG_WARN_INT_CONVERSION = YES;
				CLANG_WARN_NON_LITERAL_NULL_CONVERSION = YES;
				CLANG_WARN_OBJC_IMPLICIT_RETAIN_SELF = YES;
				CLANG_WARN_OBJC_LITERAL_CONVERSION = YES;
				CLANG_WARN_OBJC_ROOT_CLASS = YES_ERROR;
				CLANG_WARN_QUOTED_INCLUDE_IN_FRAMEWORK_HEADER = YES;
				CLANG_WARN_RANGE_LOOP_ANALYSIS = YES;
				CLANG_WARN_STRICT_PROTOTYPES = YES;
				CLANG_WARN_SUSPICIOUS_MOVE = YES;
				CLANG_WARN_UNGUARDED_AVAILABILITY = YES_AGGRESSIVE;
				CLANG_WARN_UNREACHABLE_CODE = YES;
				CLANG_WARN__DUPLICATE_METHOD_MATCH = YES;
				COPY_PHASE_STRIP = NO;
				DEBUG_INFORMATION_FORMAT = dwarf;
				ENABLE_STRICT_OBJC_MSGSEND = YES;
				ENABLE_TESTABILITY = YES;
				ENABLE_USER_SCRIPT_SANDBOXING = YES;
				GCC_C_LANGUAGE_STANDARD = gnu17;
				GCC_DYNAMIC_NO_PIC = NO;
				GCC_NO_COMMON_BLOCKS = YES;
				GCC_OPTIMIZATION_LEVEL = 0;
				GCC_PREPROCESSOR_DEFINITIONS = (
					"DEBUG=1",
					"$(inherited)",
				);
				GCC_WARN_64_TO_32_BIT_CONVERSION = YES;
				GCC_WARN_ABOUT_RETURN_TYPE = YES_ERROR;
				GCC_WARN_UNDECLARED_SELECTOR = YES;
				GCC_WARN_UNINITIALIZED_AUTOS = YES_AGGRESSIVE;
				GCC_WARN_UNUSED_FUNCTION = YES;
				GCC_WARN_UNUSED_VARIABLE = YES;
				LOCALIZATION_PREFERS_STRING_CATALOGS = YES;
				MACOSX_DEPLOYMENT_TARGET = 14.4;
				MTL_ENABLE_DEBUG_INFO = INCLUDE_SOURCE;
				MTL_FAST_MATH = YES;
				ONLY_ACTIVE_ARCH = YES;
				SDKROOT = macosx;
			};
			name = Debug;
		};
		161782BB2C25782400644746 /* Release */ = {
			isa = XCBuildConfiguration;
			buildSettings = {
				ALWAYS_SEARCH_USER_PATHS = NO;
				ASSETCATALOG_COMPILER_GENERATE_SWIFT_ASSET_SYMBOL_EXTENSIONS = YES;
				CLANG_ANALYZER_NONNULL = YES;
				CLANG_ANALYZER_NUMBER_OBJECT_CONVERSION = YES_AGGRESSIVE;
				CLANG_CXX_LANGUAGE_STANDARD = "gnu++20";
				CLANG_ENABLE_MODULES = YES;
				CLANG_ENABLE_OBJC_ARC = YES;
				CLANG_ENABLE_OBJC_WEAK = YES;
				CLANG_WARN_BLOCK_CAPTURE_AUTORELEASING = YES;
				CLANG_WARN_BOOL_CONVERSION = YES;
				CLANG_WARN_COMMA = YES;
				CLANG_WARN_CONSTANT_CONVERSION = YES;
				CLANG_WARN_DEPRECATED_OBJC_IMPLEMENTATIONS = YES;
				CLANG_WARN_DIRECT_OBJC_ISA_USAGE = YES_ERROR;
				CLANG_WARN_DOCUMENTATION_COMMENTS = YES;
				CLANG_WARN_EMPTY_BODY = YES;
				CLANG_WARN_ENUM_CONVERSION = YES;
				CLANG_WARN_INFINITE_RECURSION = YES;
				CLANG_WARN_INT_CONVERSION = YES;
				CLANG_WARN_NON_LITERAL_NULL_CONVERSION = YES;
				CLANG_WARN_OBJC_IMPLICIT_RETAIN_SELF = YES;
				CLANG_WARN_OBJC_LITERAL_CONVERSION = YES;
				CLANG_WARN_OBJC_ROOT_CLASS = YES_ERROR;
				CLANG_WARN_QUOTED_INCLUDE_IN_FRAMEWORK_HEADER = YES;
				CLANG_WARN_RANGE_LOOP_ANALYSIS = YES;
				CLANG_WARN_STRICT_PROTOTYPES = YES;
				CLANG_WARN_SUSPICIOUS_MOVE = YES;
				CLANG_WARN_UNGUARDED_AVAILABILITY = YES_AGGRESSIVE;
				CLANG_WARN_UNREACHABLE_CODE = YES;
				CLANG_WARN__DUPLICATE_METHOD_MATCH = YES;
				COPY_PHASE_STRIP = NO;
				DEBUG_INFORMATION_FORMAT = "dwarf-with-dsym";
				ENABLE_NS_ASSERTIONS = NO;
				ENABLE_STRICT_OBJC_MSGSEND = YES;
				ENABLE_USER_SCRIPT_SANDBOXING = YES;
				GCC_C_LANGUAGE_STANDARD = gnu17;
				GCC_NO_COMMON_BLOCKS = YES;
				GCC_WARN_64_TO_32_BIT_CONVERSION = YES;
				GCC_WARN_ABOUT_RETURN_TYPE = YES_ERROR;
				GCC_WARN_UNDECLARED_SELECTOR = YES;
				GCC_WARN_UNINITIALIZED_AUTOS = YES_AGGRESSIVE;
				GCC_WARN_UNUSED_FUNCTION = YES;
				GCC_WARN_UNUSED_VARIABLE = YES;
				LOCALIZATION_PREFERS_STRING_CATALOGS = YES;
				MACOSX_DEPLOYMENT_TARGET = 14.4;
				MTL_ENABLE_DEBUG_INFO = NO;
				MTL_FAST_MATH = YES;
				SDKROOT = macosx;
			};
			name = Release;
		};
		161782BD2C25782400644746 /* Debug */ = {
			isa = XCBuildConfiguration;
			buildSettings = {
				CODE_SIGN_STYLE = Automatic;
				PRODUCT_NAME = "$(TARGET_NAME)";
			};
			name = Debug;
		};
		161782BE2C25782400644746 /* Release */ = {
			isa = XCBuildConfiguration;
			buildSettings = {
				CODE_SIGN_STYLE = Automatic;
				PRODUCT_NAME = "$(TARGET_NAME)";
			};
			name = Release;
		};
/* End XCBuildConfiguration section */

/* Begin XCConfigurationList section */
		161782B02C25782400644746 /* Build configuration list for PBXProject "ООП_наследование_и_полиморфизм" */ = {
			isa = XCConfigurationList;
			buildConfigurations = (
				161782BA2C25782400644746 /* Debug */,
				161782BB2C25782400644746 /* Release */,
			);
			defaultConfigurationIsVisible = 0;
			defaultConfigurationName = Release;
		};
		161782BC2C25782400644746 /* Build configuration list for PBXNativeTarget "ООП_наследование_и_полиморфизм" */ = {
			isa = XCConfigurationList;
			buildConfigurations = (
				161782BD2C25782400644746 /* Debug */,
				161782BE2C25782400644746 /* Release */,
			);
			defaultConfigurationIsVisible = 0;
			defaultConfigurationName = Release;
		};
/* End XCConfigurationList section */
	};
	rootObject = 161782AD2C25782400644746 /* Project object */;
}
